
Microsoft Visual Studio Solution File, Format Version 11.00
# Visual Studio 2010
Project("{FAE04EC0-301F-11D3-BF4B-00C04F79EFBC}") = "UnityEngine.TestRunner", "UnityEngine.TestRunner.csproj", "{d94a8b87-266a-79a6-478f-b28d29a7fd3f}"
EndProject
Project("{FAE04EC0-301F-11D3-BF4B-00C04F79EFBC}") = "Unity.InputSystem", "Unity.InputSystem.csproj", "{6fb39f60-472e-ace8-142c-e8cf061c4eca}"
EndProject
Project("{FAE04EC0-301F-11D3-BF4B-00C04F79EFBC}") = "Unity.Timeline", "Unity.Timeline.csproj", "{867472f1-abda-ce6f-5690-bada96e0d655}"
EndProject
Project("{FAE04EC0-301F-11D3-BF4B-00C04F79EFBC}") = "UnityEngine.UI", "UnityEngine.UI.csproj", "{6102d639-f57b-8b00-e98d-c0253c6d6d2b}"
EndProject
Project("{FAE04EC0-301F-11D3-BF4B-00C04F79EFBC}") = "Unity.ProBuilder", "Unity.ProBuilder.csproj", "{66efaf31-4d7d-eed6-61df-571f5cb5aae3}"
EndProject
Project("{FAE04EC0-301F-11D3-BF4B-00C04F79EFBC}") = "Unity.TextMeshPro", "Unity.TextMeshPro.csproj", "{895a0143-2f44-f989-64dc-8f0070702c63}"
EndProject
Project("{FAE04EC0-301F-11D3-BF4B-00C04F79EFBC}") = "Unity.ProBuilder.Poly2Tri", "Unity.ProBuilder.Poly2Tri.csproj", "{a983288a-a8b4-cf88-a77a-a46c53c4ad39}"
EndProject
Project("{FAE04EC0-301F-11D3-BF4B-00C04F79EFBC}") = "Assembly-CSharp", "Assembly-CSharp.csproj", "{ec2bb478-59c5-e363-6996-7de1abc1b6b0}"
EndProject
Project("{FAE04EC0-301F-11D3-BF4B-00C04F79EFBC}") = "Unity.ProBuilder.Csg", "Unity.ProBuilder.Csg.csproj", "{ef96a09c-66cf-7877-8d2a-6e89cfefd781}"
EndProject
Project("{FAE04EC0-301F-11D3-BF4B-00C04F79EFBC}") = "Unity.ProBuilder.KdTree", "Unity.ProBuilder.KdTree.csproj", "{8126d662-a1e5-7b7b-4f8d-7d4c9f6e044d}"
EndProject
Project("{FAE04EC0-301F-11D3-BF4B-00C04F79EFBC}") = "Unity.ProBuilder.Stl", "Unity.ProBuilder.Stl.csproj", "{59c9372f-e526-fe92-27b8-40896d69a715}"
EndProject
Project("{FAE04EC0-301F-11D3-BF4B-00C04F79EFBC}") = "UnityEditor.TestRunner", "UnityEditor.TestRunner.csproj", "{67c0226c-da8e-cd91-373b-075f3105ab96}"
EndProject
Project("{FAE04EC0-301F-11D3-BF4B-00C04F79EFBC}") = "Unity.ProBuilder.Editor", "Unity.ProBuilder.Editor.csproj", "{8d6d1fef-d24f-f6f9-bf4a-0a943aea9bf2}"
EndProject
Project("{FAE04EC0-301F-11D3-BF4B-00C04F79EFBC}") = "Unity.PlasticSCM.Editor", "Unity.PlasticSCM.Editor.csproj", "{45756b82-6563-3f27-4ab5-b176228a93f1}"
EndProject
Project("{FAE04EC0-301F-11D3-BF4B-00C04F79EFBC}") = "UnityEditor.UI", "UnityEditor.UI.csproj", "{366a4006-aa13-276a-55e5-7c7d7cd47c6b}"
EndProject
Project("{FAE04EC0-301F-11D3-BF4B-00C04F79EFBC}") = "Unity.Services.Core.Editor", "Unity.Services.Core.Editor.csproj", "{7cc38e03-3f87-126c-7471-a8ecc6bd2930}"
EndProject
Project("{FAE04EC0-301F-11D3-BF4B-00C04F79EFBC}") = "Unity.Timeline.Editor", "Unity.Timeline.Editor.csproj", "{5e9aed70-039f-ceb6-b330-77c75e329743}"
EndProject
Project("{FAE04EC0-301F-11D3-BF4B-00C04F79EFBC}") = "Unity.VisualStudio.Editor", "Unity.VisualStudio.Editor.csproj", "{a57e9f16-3ca3-23db-206d-50752e19d0e6}"
EndProject
Project("{FAE04EC0-301F-11D3-BF4B-00C04F79EFBC}") = "Unity.TextMeshPro.Editor", "Unity.TextMeshPro.Editor.csproj", "{0bec2ebc-132e-a4dc-5c53-ca0b1b08f059}"
EndProject
Project("{FAE04EC0-301F-11D3-BF4B-00C04F79EFBC}") = "Unity.CollabProxy.Editor", "Unity.CollabProxy.Editor.csproj", "{92708bd6-bc39-0354-ec88-f2a184d7353e}"
EndProject
Project("{FAE04EC0-301F-11D3-BF4B-00C04F79EFBC}") = "Unity.Rider.Editor", "Unity.Rider.Editor.csproj", "{75ca8a01-72cc-6d88-9c49-5a3d1c3553cc}"
EndProject
Project("{FAE04EC0-301F-11D3-BF4B-00C04F79EFBC}") = "Unity.VSCode.Editor", "Unity.VSCode.Editor.csproj", "{66570216-2920-812b-33a2-ec73768a545b}"
EndProject
Project("{FAE04EC0-301F-11D3-BF4B-00C04F79EFBC}") = "Unity.ProBuilder.AssetIdRemapUtility", "Unity.ProBuilder.AssetIdRemapUtility.csproj", "{17318065-2f34-deac-0c25-d25cabf84959}"
EndProject
Project("{FAE04EC0-301F-11D3-BF4B-00C04F79EFBC}") = "Unity.Settings.Editor", "Unity.Settings.Editor.csproj", "{724a0f0f-b928-ce80-e597-c40ae063462d}"
EndProject
Project("{FAE04EC0-301F-11D3-BF4B-00C04F79EFBC}") = "Unity.ProBuilder.AddOns.Editor", "Unity.ProBuilder.AddOns.Editor.csproj", "{3939b856-9e72-4197-6d6d-a513a8a532f1}"
EndProject
Global
	GlobalSection(SolutionConfigurationPlatforms) = preSolution
		Debug|Any CPU = Debug|Any CPU
	EndGlobalSection
	GlobalSection(ProjectConfigurationPlatforms) = postSolution
		{d94a8b87-266a-79a6-478f-b28d29a7fd3f}.Debug|Any CPU.ActiveCfg = Debug|Any CPU
		{d94a8b87-266a-79a6-478f-b28d29a7fd3f}.Debug|Any CPU.Build.0 = Debug|Any CPU
		{6fb39f60-472e-ace8-142c-e8cf061c4eca}.Debug|Any CPU.ActiveCfg = Debug|Any CPU
		{6fb39f60-472e-ace8-142c-e8cf061c4eca}.Debug|Any CPU.Build.0 = Debug|Any CPU
		{867472f1-abda-ce6f-5690-bada96e0d655}.Debug|Any CPU.ActiveCfg = Debug|Any CPU
		{867472f1-abda-ce6f-5690-bada96e0d655}.Debug|Any CPU.Build.0 = Debug|Any CPU
		{6102d639-f57b-8b00-e98d-c0253c6d6d2b}.Debug|Any CPU.ActiveCfg = Debug|Any CPU
		{6102d639-f57b-8b00-e98d-c0253c6d6d2b}.Debug|Any CPU.Build.0 = Debug|Any CPU
		{66efaf31-4d7d-eed6-61df-571f5cb5aae3}.Debug|Any CPU.ActiveCfg = Debug|Any CPU
		{66efaf31-4d7d-eed6-61df-571f5cb5aae3}.Debug|Any CPU.Build.0 = Debug|Any CPU
		{895a0143-2f44-f989-64dc-8f0070702c63}.Debug|Any CPU.ActiveCfg = Debug|Any CPU
		{895a0143-2f44-f989-64dc-8f0070702c63}.Debug|Any CPU.Build.0 = Debug|Any CPU
		{a983288a-a8b4-cf88-a77a-a46c53c4ad39}.Debug|Any CPU.ActiveCfg = Debug|Any CPU
		{a983288a-a8b4-cf88-a77a-a46c53c4ad39}.Debug|Any CPU.Build.0 = Debug|Any CPU
		{ec2bb478-59c5-e363-6996-7de1abc1b6b0}.Debug|Any CPU.ActiveCfg = Debug|Any CPU
		{ec2bb478-59c5-e363-6996-7de1abc1b6b0}.Debug|Any CPU.Build.0 = Debug|Any CPU
		{ef96a09c-66cf-7877-8d2a-6e89cfefd781}.Debug|Any CPU.ActiveCfg = Debug|Any CPU
		{ef96a09c-66cf-7877-8d2a-6e89cfefd781}.Debug|Any CPU.Build.0 = Debug|Any CPU
		{8126d662-a1e5-7b7b-4f8d-7d4c9f6e044d}.Debug|Any CPU.ActiveCfg = Debug|Any CPU
		{8126d662-a1e5-7b7b-4f8d-7d4c9f6e044d}.Debug|Any CPU.Build.0 = Debug|Any CPU
		{59c9372f-e526-fe92-27b8-40896d69a715}.Debug|Any CPU.ActiveCfg = Debug|Any CPU
		{59c9372f-e526-fe92-27b8-40896d69a715}.Debug|Any CPU.Build.0 = Debug|Any CPU
		{67c0226c-da8e-cd91-373b-075f3105ab96}.Debug|Any CPU.ActiveCfg = Debug|Any CPU
		{67c0226c-da8e-cd91-373b-075f3105ab96}.Debug|Any CPU.Build.0 = Debug|Any CPU
		{8d6d1fef-d24f-f6f9-bf4a-0a943aea9bf2}.Debug|Any CPU.ActiveCfg = Debug|Any CPU
		{8d6d1fef-d24f-f6f9-bf4a-0a943aea9bf2}.Debug|Any CPU.Build.0 = Debug|Any CPU
		{45756b82-6563-3f27-4ab5-b176228a93f1}.Debug|Any CPU.ActiveCfg = Debug|Any CPU
		{45756b82-6563-3f27-4ab5-b176228a93f1}.Debug|Any CPU.Build.0 = Debug|Any CPU
		{366a4006-aa13-276a-55e5-7c7d7cd47c6b}.Debug|Any CPU.ActiveCfg = Debug|Any CPU
		{366a4006-aa13-276a-55e5-7c7d7cd47c6b}.Debug|Any CPU.Build.0 = Debug|Any CPU
		{7cc38e03-3f87-126c-7471-a8ecc6bd2930}.Debug|Any CPU.ActiveCfg = Debug|Any CPU
		{7cc38e03-3f87-126c-7471-a8ecc6bd2930}.Debug|Any CPU.Build.0 = Debug|Any CPU
		{5e9aed70-039f-ceb6-b330-77c75e329743}.Debug|Any CPU.ActiveCfg = Debug|Any CPU
		{5e9aed70-039f-ceb6-b330-77c75e329743}.Debug|Any CPU.Build.0 = Debug|Any CPU
		{a57e9f16-3ca3-23db-206d-50752e19d0e6}.Debug|Any CPU.ActiveCfg = Debug|Any CPU
		{a57e9f16-3ca3-23db-206d-50752e19d0e6}.Debug|Any CPU.Build.0 = Debug|Any CPU
		{0bec2ebc-132e-a4dc-5c53-ca0b1b08f059}.Debug|Any CPU.ActiveCfg = Debug|Any CPU
		{0bec2ebc-132e-a4dc-5c53-ca0b1b08f059}.Debug|Any CPU.Build.0 = Debug|Any CPU
		{92708bd6-bc39-0354-ec88-f2a184d7353e}.Debug|Any CPU.ActiveCfg = Debug|Any CPU
		{92708bd6-bc39-0354-ec88-f2a184d7353e}.Debug|Any CPU.Build.0 = Debug|Any CPU
		{75ca8a01-72cc-6d88-9c49-5a3d1c3553cc}.Debug|Any CPU.ActiveCfg = Debug|Any CPU
		{75ca8a01-72cc-6d88-9c49-5a3d1c3553cc}.Debug|Any CPU.Build.0 = Debug|Any CPU
		{66570216-2920-812b-33a2-ec73768a545b}.Debug|Any CPU.ActiveCfg = Debug|Any CPU
		{66570216-2920-812b-33a2-ec73768a545b}.Debug|Any CPU.Build.0 = Debug|Any CPU
		{17318065-2f34-deac-0c25-d25cabf84959}.Debug|Any CPU.ActiveCfg = Debug|Any CPU
		{17318065-2f34-deac-0c25-d25cabf84959}.Debug|Any CPU.Build.0 = Debug|Any CPU
		{724a0f0f-b928-ce80-e597-c40ae063462d}.Debug|Any CPU.ActiveCfg = Debug|Any CPU
		{724a0f0f-b928-ce80-e597-c40ae063462d}.Debug|Any CPU.Build.0 = Debug|Any CPU
		{3939b856-9e72-4197-6d6d-a513a8a532f1}.Debug|Any CPU.ActiveCfg = Debug|Any CPU
		{3939b856-9e72-4197-6d6d-a513a8a532f1}.Debug|Any CPU.Build.0 = Debug|Any CPU
	EndGlobalSection
	GlobalSection(SolutionProperties) = preSolution
		HideSolutionNode = FALSE
	EndGlobalSection
EndGlobal
